
Microsoft Visual Studio Solution File, Format Version 12.00
# Visual Studio Version 17
VisualStudioVersion = 17.7.34024.191
MinimumVisualStudioVersion = 10.0.40219.1
Project("{9A19103F-16F7-4668-BE54-9A1E7A4F7556}") = "BattleShips", "BattleShips\BattleShips.csproj", "{B2792524-BEC5-4F52-8B3B-4BB9092370D8}"
EndProject
Project("{9A19103F-16F7-4668-BE54-9A1E7A4F7556}") = "BattleShipsTestingProject", "BattleShipsTestingProject\BattleShipsTestingProject.csproj", "{367829CB-E37F-4151-BC62-3B91CE6C2537}"
EndProject
Project("{FAE04EC0-301F-11D3-BF4B-00C04F79EFBC}") = "BattleShipsCodeAnalyzer", "BattleShipsCodeAnalyzer\BattleShipsCodeAnalyzer\BattleShipsCodeAnalyzer.csproj", "{82D62140-C86F-464A-AD65-7CB1B88CF860}"
EndProject
Project("{FAE04EC0-301F-11D3-BF4B-00C04F79EFBC}") = "BattleShipsCodeAnalyzer.CodeFixes", "BattleShipsCodeAnalyzer\BattleShipsCodeAnalyzer.CodeFixes\BattleShipsCodeAnalyzer.CodeFixes.csproj", "{50A26919-5332-4684-82CA-D743B56089E3}"
EndProject
Project("{FAE04EC0-301F-11D3-BF4B-00C04F79EFBC}") = "BattleShipsCodeAnalyzer.Package", "BattleShipsCodeAnalyzer\BattleShipsCodeAnalyzer.Package\BattleShipsCodeAnalyzer.Package.csproj", "{A2FE065A-FCEB-492E-AB83-82CBFDBBF655}"
EndProject
Project("{FAE04EC0-301F-11D3-BF4B-00C04F79EFBC}") = "BattleShipsCodeAnalyzer.Test", "BattleShipsCodeAnalyzer\BattleShipsCodeAnalyzer.Test\BattleShipsCodeAnalyzer.Test.csproj", "{F4181B6B-2CB3-442C-AE20-B53AF1DF327F}"
EndProject
Project("{FAE04EC0-301F-11D3-BF4B-00C04F79EFBC}") = "BattleShipsCodeAnalyzer.Vsix", "BattleShipsCodeAnalyzer\BattleShipsCodeAnalyzer.Vsix\BattleShipsCodeAnalyzer.Vsix.csproj", "{43613049-1EF8-45AE-8B0A-6CB3FC210E54}"
EndProject
Global
	GlobalSection(SolutionConfigurationPlatforms) = preSolution
		Debug|Any CPU = Debug|Any CPU
		Release|Any CPU = Release|Any CPU
	EndGlobalSection
	GlobalSection(ProjectConfigurationPlatforms) = postSolution
		{B2792524-BEC5-4F52-8B3B-4BB9092370D8}.Debug|Any CPU.ActiveCfg = Debug|Any CPU
		{B2792524-BEC5-4F52-8B3B-4BB9092370D8}.Debug|Any CPU.Build.0 = Debug|Any CPU
		{B2792524-BEC5-4F52-8B3B-4BB9092370D8}.Release|Any CPU.ActiveCfg = Release|Any CPU
		{B2792524-BEC5-4F52-8B3B-4BB9092370D8}.Release|Any CPU.Build.0 = Release|Any CPU
		{367829CB-E37F-4151-BC62-3B91CE6C2537}.Debug|Any CPU.ActiveCfg = Debug|Any CPU
		{367829CB-E37F-4151-BC62-3B91CE6C2537}.Debug|Any CPU.Build.0 = Debug|Any CPU
		{367829CB-E37F-4151-BC62-3B91CE6C2537}.Release|Any CPU.ActiveCfg = Release|Any CPU
		{367829CB-E37F-4151-BC62-3B91CE6C2537}.Release|Any CPU.Build.0 = Release|Any CPU
		{82D62140-C86F-464A-AD65-7CB1B88CF860}.Debug|Any CPU.ActiveCfg = Debug|Any CPU
		{82D62140-C86F-464A-AD65-7CB1B88CF860}.Debug|Any CPU.Build.0 = Debug|Any CPU
		{82D62140-C86F-464A-AD65-7CB1B88CF860}.Release|Any CPU.ActiveCfg = Release|Any CPU
		{82D62140-C86F-464A-AD65-7CB1B88CF860}.Release|Any CPU.Build.0 = Release|Any CPU
		{50A26919-5332-4684-82CA-D743B56089E3}.Debug|Any CPU.ActiveCfg = Debug|Any CPU
		{50A26919-5332-4684-82CA-D743B56089E3}.Debug|Any CPU.Build.0 = Debug|Any CPU
		{50A26919-5332-4684-82CA-D743B56089E3}.Release|Any CPU.ActiveCfg = Release|Any CPU
		{50A26919-5332-4684-82CA-D743B56089E3}.Release|Any CPU.Build.0 = Release|Any CPU
		{A2FE065A-FCEB-492E-AB83-82CBFDBBF655}.Debug|Any CPU.ActiveCfg = Debug|Any CPU
		{A2FE065A-FCEB-492E-AB83-82CBFDBBF655}.Debug|Any CPU.Build.0 = Debug|Any CPU
		{A2FE065A-FCEB-492E-AB83-82CBFDBBF655}.Release|Any CPU.ActiveCfg = Release|Any CPU
		{A2FE065A-FCEB-492E-AB83-82CBFDBBF655}.Release|Any CPU.Build.0 = Release|Any CPU
		{F4181B6B-2CB3-442C-AE20-B53AF1DF327F}.Debug|Any CPU.ActiveCfg = Debug|Any CPU
		{F4181B6B-2CB3-442C-AE20-B53AF1DF327F}.Debug|Any CPU.Build.0 = Debug|Any CPU
		{F4181B6B-2CB3-442C-AE20-B53AF1DF327F}.Release|Any CPU.ActiveCfg = Release|Any CPU
		{F4181B6B-2CB3-442C-AE20-B53AF1DF327F}.Release|Any CPU.Build.0 = Release|Any CPU
		{43613049-1EF8-45AE-8B0A-6CB3FC210E54}.Debug|Any CPU.ActiveCfg = Debug|Any CPU
		{43613049-1EF8-45AE-8B0A-6CB3FC210E54}.Debug|Any CPU.Build.0 = Debug|Any CPU
		{43613049-1EF8-45AE-8B0A-6CB3FC210E54}.Release|Any CPU.ActiveCfg = Release|Any CPU
		{43613049-1EF8-45AE-8B0A-6CB3FC210E54}.Release|Any CPU.Build.0 = Release|Any CPU
	EndGlobalSection
	GlobalSection(SolutionProperties) = preSolution
		HideSolutionNode = FALSE
	EndGlobalSection
	GlobalSection(ExtensibilityGlobals) = postSolution
		SolutionGuid = {C4B05A3D-89DA-4054-A2A7-A8DAACD3F425}
	EndGlobalSection
EndGlobal
